
Microsoft Visual Studio Solution File, Format Version 12.00
# Visual Studio Version 17
VisualStudioVersion = 17.9.34728.123
MinimumVisualStudioVersion = 10.0.40219.1
Project("{FAE04EC0-301F-11D3-BF4B-00C04F79EFBC}") = "StudentPortal.Web", "StudentPortal.Web\StudentPortal.Web.csproj", "{76D816C2-2C13-4093-8144-8B11C5646BC9}"
EndProject
Global
	GlobalSection(SolutionConfigurationPlatforms) = preSolution
		Debug|Any CPU = Debug|Any CPU
		Release|Any CPU = Release|Any CPU
	EndGlobalSection
	GlobalSection(ProjectConfigurationPlatforms) = postSolution
		{76D816C2-2C13-4093-8144-8B11C5646BC9}.Debug|Any CPU.ActiveCfg = Debug|Any CPU
		{76D816C2-2C13-4093-8144-8B11C5646BC9}.Debug|Any CPU.Build.0 = Debug|Any CPU
		{76D816C2-2C13-4093-8144-8B11C5646BC9}.Release|Any CPU.ActiveCfg = Release|Any CPU
		{76D816C2-2C13-4093-8144-8B11C5646BC9}.Release|Any CPU.Build.0 = Release|Any CPU
	EndGlobalSection
	GlobalSection(SolutionProperties) = preSolution
		HideSolutionNode = FALSE
	EndGlobalSection
	GlobalSection(ExtensibilityGlobals) = postSolution
		SolutionGuid = {0AB952FA-042F-471F-8A22-80C6EC4B409E}
	EndGlobalSection
EndGlobal
